
Microsoft Visual Studio Solution File, Format Version 12.00
Project("{FAE04EC0-301F-11D3-BF4B-00C04F79EFBC}") = "LeetCode", "LeetCode\LeetCode.csproj", "{6158E4E6-EBF3-4BA9-9FBF-9891D81DD975}"
EndProject
Project("{FAE04EC0-301F-11D3-BF4B-00C04F79EFBC}") = "LeetCode.Core", "LeetCode.Core\LeetCode.Core.csproj", "{A33AA649-BB90-4216-80FB-69BA35547F41}"
EndProject
Global
	GlobalSection(SolutionConfigurationPlatforms) = preSolution
		Debug|Any CPU = Debug|Any CPU
		Release|Any CPU = Release|Any CPU
	EndGlobalSection
	GlobalSection(ProjectConfigurationPlatforms) = postSolution
		{6158E4E6-EBF3-4BA9-9FBF-9891D81DD975}.Debug|Any CPU.ActiveCfg = Debug|Any CPU
		{6158E4E6-EBF3-4BA9-9FBF-9891D81DD975}.Debug|Any CPU.Build.0 = Debug|Any CPU
		{6158E4E6-EBF3-4BA9-9FBF-9891D81DD975}.Release|Any CPU.ActiveCfg = Release|Any CPU
		{6158E4E6-EBF3-4BA9-9FBF-9891D81DD975}.Release|Any CPU.Build.0 = Release|Any CPU
		{A33AA649-BB90-4216-80FB-69BA35547F41}.Debug|Any CPU.ActiveCfg = Debug|Any CPU
		{A33AA649-BB90-4216-80FB-69BA35547F41}.Debug|Any CPU.Build.0 = Debug|Any CPU
		{A33AA649-BB90-4216-80FB-69BA35547F41}.Release|Any CPU.ActiveCfg = Release|Any CPU
		{A33AA649-BB90-4216-80FB-69BA35547F41}.Release|Any CPU.Build.0 = Release|Any CPU
	EndGlobalSection
EndGlobal
